
Microsoft Visual Studio Solution File, Format Version 12.00
# Visual Studio Version 16
VisualStudioVersion = 16.0.31702.278
MinimumVisualStudioVersion = 10.0.40219.1
Project("{FAE04EC0-301F-11D3-BF4B-00C04F79EFBC}") = "DemoCraft", "DemoCraft\DemoCraft.csproj", "{F130C2D8-D514-4C24-AA8D-C6994047B3C6}"
EndProject
Global
	GlobalSection(SolutionConfigurationPlatforms) = preSolution
		Debug|Any CPU = Debug|Any CPU
		Release|Any CPU = Release|Any CPU
	EndGlobalSection
	GlobalSection(ProjectConfigurationPlatforms) = postSolution
		{F130C2D8-D514-4C24-AA8D-C6994047B3C6}.Debug|Any CPU.ActiveCfg = Debug|Any CPU
		{F130C2D8-D514-4C24-AA8D-C6994047B3C6}.Debug|Any CPU.Build.0 = Debug|Any CPU
		{F130C2D8-D514-4C24-AA8D-C6994047B3C6}.Release|Any CPU.ActiveCfg = Release|Any CPU
		{F130C2D8-D514-4C24-AA8D-C6994047B3C6}.Release|Any CPU.Build.0 = Release|Any CPU
	EndGlobalSection
	GlobalSection(SolutionProperties) = preSolution
		HideSolutionNode = FALSE
	EndGlobalSection
	GlobalSection(ExtensibilityGlobals) = postSolution
		SolutionGuid = {562DC927-5671-441A-BEFC-31F6A94DED80}
	EndGlobalSection
EndGlobal
